dependencies:
- name: zoo-python-fastapi
  repository: file://../zoo-python-fastapi
  version: 0.1.0
- name: zoo-python-flask
  repository: file://../zoo-python-flask
  version: 0.1.0
- name: zoo-php-laravel
  repository: file://../zoo-php-laravel
  version: 0.1.0
- name: zoo-typescript-react
  repository: file://../zoo-typescript-react
  version: 0.1.0
- name: zoo-mysql
  repository: file://../zoo-mysql
  version: 0.1.0
digest: sha256:01c543541152b3bccca5745c2f6e93833c47dcf194796b9b8e8a92515f8104f9
generated: "2025-10-05T06:12:28.3493214-07:00"
